
Microsoft Visual Studio Solution File, Format Version 12.00
# Visual Studio Version 17
VisualStudioVersion = 17.3.32804.467
MinimumVisualStudioVersion = 10.0.40219.1
Project("{8BC9CEB8-8B4A-11D0-8D11-00A0C91BC942}") = "Inheritance", "Inheritance\Inheritance.vcxproj", "{22B4AC55-0DF7-461D-ABAC-72C24DAADB7F}"
EndProject
Project("{8BC9CEB8-8B4A-11D0-8D11-00A0C91BC942}") = "Academy", "Academy\Academy.vcxproj", "{63C8607B-F0D5-4E10-90BB-2CB9F0220E52}"
EndProject
Project("{8BC9CEB8-8B4A-11D0-8D11-00A0C91BC942}") = "Files", "Files\Files.vcxproj", "{D054EDDA-6990-46F6-9883-0B04E5F84DC2}"
EndProject
Project("{8BC9CEB8-8B4A-11D0-8D11-00A0C91BC942}") = "Geometry", "Geometry\Geometry.vcxproj", "{D276B487-E134-44F8-BA8E-0F35EB0369BD}"
EndProject
Global
	GlobalSection(SolutionConfigurationPlatforms) = preSolution
		Debug|x64 = Debug|x64
		Debug|x86 = Debug|x86
		Release|x64 = Release|x64
		Release|x86 = Release|x86
	EndGlobalSection
	GlobalSection(ProjectConfigurationPlatforms) = postSolution
		{22B4AC55-0DF7-461D-ABAC-72C24DAADB7F}.Debug|x64.ActiveCfg = Debug|x64
		{22B4AC55-0DF7-461D-ABAC-72C24DAADB7F}.Debug|x64.Build.0 = Debug|x64
		{22B4AC55-0DF7-461D-ABAC-72C24DAADB7F}.Debug|x86.ActiveCfg = Debug|Win32
		{22B4AC55-0DF7-461D-ABAC-72C24DAADB7F}.Debug|x86.Build.0 = Debug|Win32
		{22B4AC55-0DF7-461D-ABAC-72C24DAADB7F}.Release|x64.ActiveCfg = Release|x64
		{22B4AC55-0DF7-461D-ABAC-72C24DAADB7F}.Release|x64.Build.0 = Release|x64
		{22B4AC55-0DF7-461D-ABAC-72C24DAADB7F}.Release|x86.ActiveCfg = Release|Win32
		{22B4AC55-0DF7-461D-ABAC-72C24DAADB7F}.Release|x86.Build.0 = Release|Win32
		{63C8607B-F0D5-4E10-90BB-2CB9F0220E52}.Debug|x64.ActiveCfg = Debug|x64
		{63C8607B-F0D5-4E10-90BB-2CB9F0220E52}.Debug|x64.Build.0 = Debug|x64
		{63C8607B-F0D5-4E10-90BB-2CB9F0220E52}.Debug|x86.ActiveCfg = Debug|Win32
		{63C8607B-F0D5-4E10-90BB-2CB9F0220E52}.Debug|x86.Build.0 = Debug|Win32
		{63C8607B-F0D5-4E10-90BB-2CB9F0220E52}.Release|x64.ActiveCfg = Release|x64
		{63C8607B-F0D5-4E10-90BB-2CB9F0220E52}.Release|x64.Build.0 = Release|x64
		{63C8607B-F0D5-4E10-90BB-2CB9F0220E52}.Release|x86.ActiveCfg = Release|Win32
		{63C8607B-F0D5-4E10-90BB-2CB9F0220E52}.Release|x86.Build.0 = Release|Win32
		{D054EDDA-6990-46F6-9883-0B04E5F84DC2}.Debug|x64.ActiveCfg = Debug|x64
		{D054EDDA-6990-46F6-9883-0B04E5F84DC2}.Debug|x64.Build.0 = Debug|x64
		{D054EDDA-6990-46F6-9883-0B04E5F84DC2}.Debug|x86.ActiveCfg = Debug|Win32
		{D054EDDA-6990-46F6-9883-0B04E5F84DC2}.Debug|x86.Build.0 = Debug|Win32
		{D054EDDA-6990-46F6-9883-0B04E5F84DC2}.Release|x64.ActiveCfg = Release|x64
		{D054EDDA-6990-46F6-9883-0B04E5F84DC2}.Release|x64.Build.0 = Release|x64
		{D054EDDA-6990-46F6-9883-0B04E5F84DC2}.Release|x86.ActiveCfg = Release|Win32
		{D054EDDA-6990-46F6-9883-0B04E5F84DC2}.Release|x86.Build.0 = Release|Win32
		{D276B487-E134-44F8-BA8E-0F35EB0369BD}.Debug|x64.ActiveCfg = Debug|x64
		{D276B487-E134-44F8-BA8E-0F35EB0369BD}.Debug|x64.Build.0 = Debug|x64
		{D276B487-E134-44F8-BA8E-0F35EB0369BD}.Debug|x86.ActiveCfg = Debug|Win32
		{D276B487-E134-44F8-BA8E-0F35EB0369BD}.Debug|x86.Build.0 = Debug|Win32
		{D276B487-E134-44F8-BA8E-0F35EB0369BD}.Release|x64.ActiveCfg = Release|x64
		{D276B487-E134-44F8-BA8E-0F35EB0369BD}.Release|x64.Build.0 = Release|x64
		{D276B487-E134-44F8-BA8E-0F35EB0369BD}.Release|x86.ActiveCfg = Release|Win32
		{D276B487-E134-44F8-BA8E-0F35EB0369BD}.Release|x86.Build.0 = Release|Win32
	EndGlobalSection
	GlobalSection(SolutionProperties) = preSolution
		HideSolutionNode = FALSE
	EndGlobalSection
	GlobalSection(ExtensibilityGlobals) = postSolution
		SolutionGuid = {E7D9A888-00DE-472F-8D51-D69A315E8F62}
	EndGlobalSection
EndGlobal
